
Microsoft Visual Studio Solution File, Format Version 11.00
# Visual Studio 2010
Project("{FAE04EC0-301F-11D3-BF4B-00C04F79EFBC}") = "T5-Multiplayer-Game", "Assembly-CSharp.csproj", "{83BAB0FA-130D-756F-AB9B-6ED9DF9E271E}"
EndProject
Project("{FAE04EC0-301F-11D3-BF4B-00C04F79EFBC}") = "T5-Multiplayer-Game", "Assembly-CSharp-Editor.csproj", "{120CCF40-4FF4-C0AE-D95E-97CE3E886700}"
EndProject
Global
	GlobalSection(SolutionConfigurationPlatforms) = preSolution
		Debug|Any CPU = Debug|Any CPU
		Release|Any CPU = Release|Any CPU
	EndGlobalSection
	GlobalSection(ProjectConfigurationPlatforms) = postSolution
		{83BAB0FA-130D-756F-AB9B-6ED9DF9E271E}.Debug|Any CPU.ActiveCfg = Debug|Any CPU
		{83BAB0FA-130D-756F-AB9B-6ED9DF9E271E}.Debug|Any CPU.Build.0 = Debug|Any CPU
		{83BAB0FA-130D-756F-AB9B-6ED9DF9E271E}.Release|Any CPU.ActiveCfg = Release|Any CPU
		{83BAB0FA-130D-756F-AB9B-6ED9DF9E271E}.Release|Any CPU.Build.0 = Release|Any CPU
		{120CCF40-4FF4-C0AE-D95E-97CE3E886700}.Debug|Any CPU.ActiveCfg = Debug|Any CPU
		{120CCF40-4FF4-C0AE-D95E-97CE3E886700}.Debug|Any CPU.Build.0 = Debug|Any CPU
		{120CCF40-4FF4-C0AE-D95E-97CE3E886700}.Release|Any CPU.ActiveCfg = Release|Any CPU
		{120CCF40-4FF4-C0AE-D95E-97CE3E886700}.Release|Any CPU.Build.0 = Release|Any CPU
	EndGlobalSection
	GlobalSection(SolutionProperties) = preSolution
		HideSolutionNode = FALSE
	EndGlobalSection
	GlobalSection(MonoDevelopProperties) = preSolution
		StartupItem = Assembly-CSharp.csproj
	EndGlobalSection
EndGlobal
